
Microsoft Visual Studio Solution File, Format Version 12.00
# Visual Studio 15
VisualStudioVersion = 15.0.27004.2005
MinimumVisualStudioVersion = 10.0.40219.1
Project("{FAE04EC0-301F-11D3-BF4B-00C04F79EFBC}") = "BMI1.Android", "BMI1\BMI1.Android\BMI1.Android.csproj", "{12148607-BA03-45E1-AB27-2E4AE586EE7D}"
EndProject
Project("{FAE04EC0-301F-11D3-BF4B-00C04F79EFBC}") = "BMI1", "BMI1\BMI1\BMI1.csproj", "{75FB93FB-7B59-4401-80D9-4D916F2DC56F}"
EndProject
Project("{FAE04EC0-301F-11D3-BF4B-00C04F79EFBC}") = "BMI1.iOS", "BMI1\BMI1.iOS\BMI1.iOS.csproj", "{9F2DE675-64BB-4A10-A7BE-B552D2F759DF}"
EndProject
Global
	GlobalSection(SolutionConfigurationPlatforms) = preSolution
		Ad-Hoc|Any CPU = Ad-Hoc|Any CPU
		Ad-Hoc|iPhone = Ad-Hoc|iPhone
		Ad-Hoc|iPhoneSimulator = Ad-Hoc|iPhoneSimulator
		AppStore|Any CPU = AppStore|Any CPU
		AppStore|iPhone = AppStore|iPhone
		AppStore|iPhoneSimulator = AppStore|iPhoneSimulator
		Debug|Any CPU = Debug|Any CPU
		Debug|iPhone = Debug|iPhone
		Debug|iPhoneSimulator = Debug|iPhoneSimulator
		Release|Any CPU = Release|Any CPU
		Release|iPhone = Release|iPhone
		Release|iPhoneSimulator = Release|iPhoneSimulator
	EndGlobalSection
	GlobalSection(ProjectConfigurationPlatforms) = postSolution
		{12148607-BA03-45E1-AB27-2E4AE586EE7D}.Ad-Hoc|Any CPU.ActiveCfg = Release|Any CPU
		{12148607-BA03-45E1-AB27-2E4AE586EE7D}.Ad-Hoc|Any CPU.Build.0 = Release|Any CPU
		{12148607-BA03-45E1-AB27-2E4AE586EE7D}.Ad-Hoc|Any CPU.Deploy.0 = Release|Any CPU
		{12148607-BA03-45E1-AB27-2E4AE586EE7D}.Ad-Hoc|iPhone.ActiveCfg = Release|Any CPU
		{12148607-BA03-45E1-AB27-2E4AE586EE7D}.Ad-Hoc|iPhone.Build.0 = Release|Any CPU
		{12148607-BA03-45E1-AB27-2E4AE586EE7D}.Ad-Hoc|iPhone.Deploy.0 = Release|Any CPU
		{12148607-BA03-45E1-AB27-2E4AE586EE7D}.Ad-Hoc|iPhoneSimulator.ActiveCfg = Release|Any CPU
		{12148607-BA03-45E1-AB27-2E4AE586EE7D}.Ad-Hoc|iPhoneSimulator.Build.0 = Release|Any CPU
		{12148607-BA03-45E1-AB27-2E4AE586EE7D}.Ad-Hoc|iPhoneSimulator.Deploy.0 = Release|Any CPU
		{12148607-BA03-45E1-AB27-2E4AE586EE7D}.AppStore|Any CPU.ActiveCfg = Release|Any CPU
		{12148607-BA03-45E1-AB27-2E4AE586EE7D}.AppStore|Any CPU.Build.0 = Release|Any CPU
		{12148607-BA03-45E1-AB27-2E4AE586EE7D}.AppStore|Any CPU.Deploy.0 = Release|Any CPU
		{12148607-BA03-45E1-AB27-2E4AE586EE7D}.AppStore|iPhone.ActiveCfg = Release|Any CPU
		{12148607-BA03-45E1-AB27-2E4AE586EE7D}.AppStore|iPhone.Build.0 = Release|Any CPU
		{12148607-BA03-45E1-AB27-2E4AE586EE7D}.AppStore|iPhone.Deploy.0 = Release|Any CPU
		{12148607-BA03-45E1-AB27-2E4AE586EE7D}.AppStore|iPhoneSimulator.ActiveCfg = Release|Any CPU
		{12148607-BA03-45E1-AB27-2E4AE586EE7D}.AppStore|iPhoneSimulator.Build.0 = Release|Any CPU
		{12148607-BA03-45E1-AB27-2E4AE586EE7D}.AppStore|iPhoneSimulator.Deploy.0 = Release|Any CPU
		{12148607-BA03-45E1-AB27-2E4AE586EE7D}.Debug|Any CPU.ActiveCfg = Debug|Any CPU
		{12148607-BA03-45E1-AB27-2E4AE586EE7D}.Debug|Any CPU.Build.0 = Debug|Any CPU
		{12148607-BA03-45E1-AB27-2E4AE586EE7D}.Debug|Any CPU.Deploy.0 = Debug|Any CPU
		{12148607-BA03-45E1-AB27-2E4AE586EE7D}.Debug|iPhone.ActiveCfg = Debug|Any CPU
		{12148607-BA03-45E1-AB27-2E4AE586EE7D}.Debug|iPhone.Build.0 = Debug|Any CPU
		{12148607-BA03-45E1-AB27-2E4AE586EE7D}.Debug|iPhone.Deploy.0 = Debug|Any CPU
		{12148607-BA03-45E1-AB27-2E4AE586EE7D}.Debug|iPhoneSimulator.ActiveCfg = Debug|Any CPU
		{12148607-BA03-45E1-AB27-2E4AE586EE7D}.Debug|iPhoneSimulator.Build.0 = Debug|Any CPU
		{12148607-BA03-45E1-AB27-2E4AE586EE7D}.Debug|iPhoneSimulator.Deploy.0 = Debug|Any CPU
		{12148607-BA03-45E1-AB27-2E4AE586EE7D}.Release|Any CPU.ActiveCfg = Release|Any CPU
		{12148607-BA03-45E1-AB27-2E4AE586EE7D}.Release|Any CPU.Build.0 = Release|Any CPU
		{12148607-BA03-45E1-AB27-2E4AE586EE7D}.Release|Any CPU.Deploy.0 = Release|Any CPU
		{12148607-BA03-45E1-AB27-2E4AE586EE7D}.Release|iPhone.ActiveCfg = Release|Any CPU
		{12148607-BA03-45E1-AB27-2E4AE586EE7D}.Release|iPhone.Build.0 = Release|Any CPU
		{12148607-BA03-45E1-AB27-2E4AE586EE7D}.Release|iPhone.Deploy.0 = Release|Any CPU
		{12148607-BA03-45E1-AB27-2E4AE586EE7D}.Release|iPhoneSimulator.ActiveCfg = Release|Any CPU
		{12148607-BA03-45E1-AB27-2E4AE586EE7D}.Release|iPhoneSimulator.Build.0 = Release|Any CPU
		{12148607-BA03-45E1-AB27-2E4AE586EE7D}.Release|iPhoneSimulator.Deploy.0 = Release|Any CPU
		{75FB93FB-7B59-4401-80D9-4D916F2DC56F}.Ad-Hoc|Any CPU.ActiveCfg = Release|Any CPU
		{75FB93FB-7B59-4401-80D9-4D916F2DC56F}.Ad-Hoc|Any CPU.Build.0 = Release|Any CPU
		{75FB93FB-7B59-4401-80D9-4D916F2DC56F}.Ad-Hoc|iPhone.ActiveCfg = Release|Any CPU
		{75FB93FB-7B59-4401-80D9-4D916F2DC56F}.Ad-Hoc|iPhone.Build.0 = Release|Any CPU
		{75FB93FB-7B59-4401-80D9-4D916F2DC56F}.Ad-Hoc|iPhoneSimulator.ActiveCfg = Release|Any CPU
		{75FB93FB-7B59-4401-80D9-4D916F2DC56F}.Ad-Hoc|iPhoneSimulator.Build.0 = Release|Any CPU
		{75FB93FB-7B59-4401-80D9-4D916F2DC56F}.AppStore|Any CPU.ActiveCfg = Release|Any CPU
		{75FB93FB-7B59-4401-80D9-4D916F2DC56F}.AppStore|Any CPU.Build.0 = Release|Any CPU
		{75FB93FB-7B59-4401-80D9-4D916F2DC56F}.AppStore|iPhone.ActiveCfg = Release|Any CPU
		{75FB93FB-7B59-4401-80D9-4D916F2DC56F}.AppStore|iPhone.Build.0 = Release|Any CPU
		{75FB93FB-7B59-4401-80D9-4D916F2DC56F}.AppStore|iPhoneSimulator.ActiveCfg = Release|Any CPU
		{75FB93FB-7B59-4401-80D9-4D916F2DC56F}.AppStore|iPhoneSimulator.Build.0 = Release|Any CPU
		{75FB93FB-7B59-4401-80D9-4D916F2DC56F}.Debug|Any CPU.ActiveCfg = Debug|Any CPU
		{75FB93FB-7B59-4401-80D9-4D916F2DC56F}.Debug|Any CPU.Build.0 = Debug|Any CPU
		{75FB93FB-7B59-4401-80D9-4D916F2DC56F}.Debug|iPhone.ActiveCfg = Debug|Any CPU
		{75FB93FB-7B59-4401-80D9-4D916F2DC56F}.Debug|iPhone.Build.0 = Debug|Any CPU
		{75FB93FB-7B59-4401-80D9-4D916F2DC56F}.Debug|iPhoneSimulator.ActiveCfg = Debug|Any CPU
		{75FB93FB-7B59-4401-80D9-4D916F2DC56F}.Debug|iPhoneSimulator.Build.0 = Debug|Any CPU
		{75FB93FB-7B59-4401-80D9-4D916F2DC56F}.Release|Any CPU.ActiveCfg = Release|Any CPU
		{75FB93FB-7B59-4401-80D9-4D916F2DC56F}.Release|Any CPU.Build.0 = Release|Any CPU
		{75FB93FB-7B59-4401-80D9-4D916F2DC56F}.Release|iPhone.ActiveCfg = Release|Any CPU
		{75FB93FB-7B59-4401-80D9-4D916F2DC56F}.Release|iPhone.Build.0 = Release|Any CPU
		{75FB93FB-7B59-4401-80D9-4D916F2DC56F}.Release|iPhoneSimulator.ActiveCfg = Release|Any CPU
		{75FB93FB-7B59-4401-80D9-4D916F2DC56F}.Release|iPhoneSimulator.Build.0 = Release|Any CPU
		{9F2DE675-64BB-4A10-A7BE-B552D2F759DF}.Ad-Hoc|Any CPU.ActiveCfg = Ad-Hoc|iPhoneSimulator
		{9F2DE675-64BB-4A10-A7BE-B552D2F759DF}.Ad-Hoc|iPhone.ActiveCfg = Ad-Hoc|iPhone
		{9F2DE675-64BB-4A10-A7BE-B552D2F759DF}.Ad-Hoc|iPhone.Build.0 = Ad-Hoc|iPhone
		{9F2DE675-64BB-4A10-A7BE-B552D2F759DF}.Ad-Hoc|iPhoneSimulator.ActiveCfg = Ad-Hoc|iPhoneSimulator
		{9F2DE675-64BB-4A10-A7BE-B552D2F759DF}.Ad-Hoc|iPhoneSimulator.Build.0 = Ad-Hoc|iPhoneSimulator
		{9F2DE675-64BB-4A10-A7BE-B552D2F759DF}.AppStore|Any CPU.ActiveCfg = AppStore|iPhoneSimulator
		{9F2DE675-64BB-4A10-A7BE-B552D2F759DF}.AppStore|iPhone.ActiveCfg = AppStore|iPhone
		{9F2DE675-64BB-4A10-A7BE-B552D2F759DF}.AppStore|iPhone.Build.0 = AppStore|iPhone
		{9F2DE675-64BB-4A10-A7BE-B552D2F759DF}.AppStore|iPhoneSimulator.ActiveCfg = AppStore|iPhoneSimulator
		{9F2DE675-64BB-4A10-A7BE-B552D2F759DF}.AppStore|iPhoneSimulator.Build.0 = AppStore|iPhoneSimulator
		{9F2DE675-64BB-4A10-A7BE-B552D2F759DF}.Debug|Any CPU.ActiveCfg = Debug|iPhoneSimulator
		{9F2DE675-64BB-4A10-A7BE-B552D2F759DF}.Debug|iPhone.ActiveCfg = Debug|iPhone
		{9F2DE675-64BB-4A10-A7BE-B552D2F759DF}.Debug|iPhone.Build.0 = Debug|iPhone
		{9F2DE675-64BB-4A10-A7BE-B552D2F759DF}.Debug|iPhoneSimulator.ActiveCfg = Debug|iPhoneSimulator
		{9F2DE675-64BB-4A10-A7BE-B552D2F759DF}.Debug|iPhoneSimulator.Build.0 = Debug|iPhoneSimulator
		{9F2DE675-64BB-4A10-A7BE-B552D2F759DF}.Release|Any CPU.ActiveCfg = Release|iPhoneSimulator
		{9F2DE675-64BB-4A10-A7BE-B552D2F759DF}.Release|iPhone.ActiveCfg = Release|iPhone
		{9F2DE675-64BB-4A10-A7BE-B552D2F759DF}.Release|iPhone.Build.0 = Release|iPhone
		{9F2DE675-64BB-4A10-A7BE-B552D2F759DF}.Release|iPhoneSimulator.ActiveCfg = Release|iPhoneSimulator
		{9F2DE675-64BB-4A10-A7BE-B552D2F759DF}.Release|iPhoneSimulator.Build.0 = Release|iPhoneSimulator
	EndGlobalSection
	GlobalSection(SolutionProperties) = preSolution
		HideSolutionNode = FALSE
	EndGlobalSection
	GlobalSection(ExtensibilityGlobals) = postSolution
		SolutionGuid = {AA9849A7-DA0A-4764-9A8F-2C147BAB2DEA}
	EndGlobalSection
EndGlobal
